
Microsoft Visual Studio Solution File, Format Version 12.00
# Visual Studio Version 17
VisualStudioVersion = 17.13.35825.156 d17.13
MinimumVisualStudioVersion = 10.0.40219.1
Project("{FAE04EC0-301F-11D3-BF4B-00C04F79EFBC}") = "jipp-Z405", "jipp-Z405\jipp-Z405.csproj", "{6A339599-B53B-47A3-B732-7194909E337C}"
EndProject
Global
	GlobalSection(SolutionConfigurationPlatforms) = preSolution
		Debug|Any CPU = Debug|Any CPU
		Release|Any CPU = Release|Any CPU
	EndGlobalSection
	GlobalSection(ProjectConfigurationPlatforms) = postSolution
		{6A339599-B53B-47A3-B732-7194909E337C}.Debug|Any CPU.ActiveCfg = Debug|Any CPU
		{6A339599-B53B-47A3-B732-7194909E337C}.Debug|Any CPU.Build.0 = Debug|Any CPU
		{6A339599-B53B-47A3-B732-7194909E337C}.Release|Any CPU.ActiveCfg = Release|Any CPU
		{6A339599-B53B-47A3-B732-7194909E337C}.Release|Any CPU.Build.0 = Release|Any CPU
	EndGlobalSection
	GlobalSection(SolutionProperties) = preSolution
		HideSolutionNode = FALSE
	EndGlobalSection
	GlobalSection(ExtensibilityGlobals) = postSolution
		SolutionGuid = {CE442758-47E3-44BE-834E-953BCAFCA3AC}
	EndGlobalSection
EndGlobal
